
Microsoft Visual Studio Solution File, Format Version 12.00
# Visual Studio 15
VisualStudioVersion = 15.0.28307.438
MinimumVisualStudioVersion = 10.0.40219.1
Project("{FAE04EC0-301F-11D3-BF4B-00C04F79EFBC}") = "WebApiTutorial", "WebApiTutorial\WebApiTutorial.csproj", "{B93DFBFD-8062-4436-98DC-B6FFC3A28EB7}"
EndProject
Global
	GlobalSection(SolutionConfigurationPlatforms) = preSolution
		Debug|Any CPU = Debug|Any CPU
		Release|Any CPU = Release|Any CPU
	EndGlobalSection
	GlobalSection(ProjectConfigurationPlatforms) = postSolution
		{B93DFBFD-8062-4436-98DC-B6FFC3A28EB7}.Debug|Any CPU.ActiveCfg = Debug|Any CPU
		{B93DFBFD-8062-4436-98DC-B6FFC3A28EB7}.Debug|Any CPU.Build.0 = Debug|Any CPU
		{B93DFBFD-8062-4436-98DC-B6FFC3A28EB7}.Release|Any CPU.ActiveCfg = Release|Any CPU
		{B93DFBFD-8062-4436-98DC-B6FFC3A28EB7}.Release|Any CPU.Build.0 = Release|Any CPU
	EndGlobalSection
	GlobalSection(SolutionProperties) = preSolution
		HideSolutionNode = FALSE
	EndGlobalSection
	GlobalSection(ExtensibilityGlobals) = postSolution
		SolutionGuid = {69CBD234-3D78-4829-8FC8-0967DC92334C}
	EndGlobalSection
EndGlobal
